
Microsoft Visual Studio Solution File, Format Version 12.00
# Visual Studio Version 17
VisualStudioVersion = 17.5.33530.505
MinimumVisualStudioVersion = 10.0.40219.1
Project("{9A19103F-16F7-4668-BE54-9A1E7A4F7556}") = "CallTech", "CallTech\CallTech.csproj", "{DC7DECE5-90B9-4253-8285-B7885821EDDB}"
	ProjectSection(ProjectDependencies) = postProject
		{B19E1D71-C2C6-4F0B-95ED-026D74774E92} = {B19E1D71-C2C6-4F0B-95ED-026D74774E92}
		{F2B0BE05-5E38-4471-880A-39977748898A} = {F2B0BE05-5E38-4471-880A-39977748898A}
	EndProjectSection
EndProject
Project("{9A19103F-16F7-4668-BE54-9A1E7A4F7556}") = "DAL", "DAL\DAL.csproj", "{F2B0BE05-5E38-4471-880A-39977748898A}"
EndProject
Project("{9A19103F-16F7-4668-BE54-9A1E7A4F7556}") = "DBL", "DBL\DBL.csproj", "{B19E1D71-C2C6-4F0B-95ED-026D74774E92}"
EndProject
Global
	GlobalSection(SolutionConfigurationPlatforms) = preSolution
		Debug|Any CPU = Debug|Any CPU
		Release|Any CPU = Release|Any CPU
	EndGlobalSection
	GlobalSection(ProjectConfigurationPlatforms) = postSolution
		{DC7DECE5-90B9-4253-8285-B7885821EDDB}.Debug|Any CPU.ActiveCfg = Debug|Any CPU
		{DC7DECE5-90B9-4253-8285-B7885821EDDB}.Debug|Any CPU.Build.0 = Debug|Any CPU
		{DC7DECE5-90B9-4253-8285-B7885821EDDB}.Release|Any CPU.ActiveCfg = Release|Any CPU
		{DC7DECE5-90B9-4253-8285-B7885821EDDB}.Release|Any CPU.Build.0 = Release|Any CPU
		{F2B0BE05-5E38-4471-880A-39977748898A}.Debug|Any CPU.ActiveCfg = Debug|Any CPU
		{F2B0BE05-5E38-4471-880A-39977748898A}.Debug|Any CPU.Build.0 = Debug|Any CPU
		{F2B0BE05-5E38-4471-880A-39977748898A}.Release|Any CPU.ActiveCfg = Release|Any CPU
		{F2B0BE05-5E38-4471-880A-39977748898A}.Release|Any CPU.Build.0 = Release|Any CPU
		{B19E1D71-C2C6-4F0B-95ED-026D74774E92}.Debug|Any CPU.ActiveCfg = Debug|Any CPU
		{B19E1D71-C2C6-4F0B-95ED-026D74774E92}.Debug|Any CPU.Build.0 = Debug|Any CPU
		{B19E1D71-C2C6-4F0B-95ED-026D74774E92}.Release|Any CPU.ActiveCfg = Release|Any CPU
		{B19E1D71-C2C6-4F0B-95ED-026D74774E92}.Release|Any CPU.Build.0 = Release|Any CPU
	EndGlobalSection
	GlobalSection(SolutionProperties) = preSolution
		HideSolutionNode = FALSE
	EndGlobalSection
	GlobalSection(ExtensibilityGlobals) = postSolution
		SolutionGuid = {4FCDDE85-97B3-4D3B-AAD4-193907D61BED}
	EndGlobalSection
EndGlobal
